// !$*UTF8*$!
{
	archiveVersion = 1;
	classes = {
	};
	objectVersion = 46;
	objects = {

/* Begin PBXBuildFile section */
		3252A93315A19B2B00D76A1A /* design_Calculator.png in Resources */ = {isa = PBXBuildFile; fileRef = 3252A93215A19B2B00D76A1A /* design_Calculator.png */; };
		3252A93515A19B9300D76A1A /* transparent.png in Resources */ = {isa = PBXBuildFile; fileRef = 3252A93415A19B9300D76A1A /* transparent.png */; };
		32E5991415A1B81A003E86B9 /* NettoOT-Light.otf in Resources */ = {isa = PBXBuildFile; fileRef = 3252A93815A1A72300D76A1A /* NettoOT-Light.otf */; };
		32E5991615A1BB5C003E86B9 /* Foundation.framework in Frameworks */ = {isa = PBXBuildFile; fileRef = 32E5991515A1BB5C003E86B9 /* Foundation.framework */; };
		32F40175159DC9AA00889259 /* UIKit.framework in Frameworks */ = {isa = PBXBuildFile; fileRef = 32F40174159DC9AA00889259 /* UIKit.framework */; };
		32F40179159DC9AA00889259 /* CoreGraphics.framework in Frameworks */ = {isa = PBXBuildFile; fileRef = 32F40178159DC9AA00889259 /* CoreGraphics.framework */; };
		32F4017F159DC9AA00889259 /* InfoPlist.strings in Resources */ = {isa = PBXBuildFile; fileRef = 32F4017D159DC9AA00889259 /* InfoPlist.strings */; };
		32F40181159DC9AA00889259 /* main.m in Sources */ = {isa = PBXBuildFile; fileRef = 32F40180159DC9AA00889259 /* main.m */; };
		32F40185159DC9AA00889259 /* CalculatorAppDelegate.m in Sources */ = {isa = PBXBuildFile; fileRef = 32F40184159DC9AA00889259 /* CalculatorAppDelegate.m */; };
		32F40188159DC9AA00889259 /* MainStoryboard.storyboard in Resources */ = {isa = PBXBuildFile; fileRef = 32F40186159DC9AA00889259 /* MainStoryboard.storyboard */; };
		32F4018B159DC9AA00889259 /* CalculatorViewController.m in Sources */ = {isa = PBXBuildFile; fileRef = 32F4018A159DC9AA00889259 /* CalculatorViewController.m */; };
		32F40193159DD3C600889259 /* CalculatorBrain.m in Sources */ = {isa = PBXBuildFile; fileRef = 32F40192159DD3C600889259 /* CalculatorBrain.m */; };
/* End PBXBuildFile section */

/* Begin PBXFileReference section */
		3252A93215A19B2B00D76A1A /* design_Calculator.png */ = {isa = PBXFileReference; lastKnownFileType = image.png; path = design_Calculator.png; sourceTree = "<group>"; };
		3252A93415A19B9300D76A1A /* transparent.png */ = {isa = PBXFileReference; lastKnownFileType = image.png; path = transparent.png; sourceTree = "<group>"; };
		3252A93815A1A72300D76A1A /* NettoOT-Light.otf */ = {isa = PBXFileReference; lastKnownFileType = file; path = "NettoOT-Light.otf"; sourceTree = "<group>"; };
		32E5991515A1BB5C003E86B9 /* Foundation.framework */ = {isa = PBXFileReference; lastKnownFileType = wrapper.framework; name = Foundation.framework; path = System/Library/Frameworks/Foundation.framework; sourceTree = SDKROOT; };
		32F40170159DC9AA00889259 /* Calculator.app */ = {isa = PBXFileReference; explicitFileType = wrapper.application; includeInIndex = 0; path = Calculator.app; sourceTree = BUILT_PRODUCTS_DIR; };
		32F40174159DC9AA00889259 /* UIKit.framework */ = {isa = PBXFileReference; lastKnownFileType = wrapper.framework; name = UIKit.framework; path = System/Library/Frameworks/UIKit.framework; sourceTree = SDKROOT; };
		32F40178159DC9AA00889259 /* CoreGraphics.framework */ = {isa = PBXFileReference; lastKnownFileType = wrapper.framework; name = CoreGraphics.framework; path = System/Library/Frameworks/CoreGraphics.framework; sourceTree = SDKROOT; };
		32F4017C159DC9AA00889259 /* Calculator-Info.plist */ = {isa = PBXFileReference; lastKnownFileType = text.plist.xml; path = "Calculator-Info.plist"; sourceTree = "<group>"; };
		32F4017E159DC9AA00889259 /* en */ = {isa = PBXFileReference; lastKnownFileType = text.plist.strings; name = en; path = en.lproj/InfoPlist.strings; sourceTree = "<group>"; };
		32F40180159DC9AA00889259 /* main.m */ = {isa = PBXFileReference; lastKnownFileType = sourcecode.c.objc; path = main.m; sourceTree = "<group>"; };
		32F40182159DC9AA00889259 /* Calculator-Prefix.pch */ = {isa = PBXFileReference; lastKnownFileType = sourcecode.c.h; path = "Calculator-Prefix.pch"; sourceTree = "<group>"; };
		32F40183159DC9AA00889259 /* CalculatorAppDelegate.h */ = {isa = PBXFileReference; lastKnownFileType = sourcecode.c.h; path = CalculatorAppDelegate.h; sourceTree = "<group>"; };
		32F40184159DC9AA00889259 /* CalculatorAppDelegate.m */ = {isa = PBXFileReference; lastKnownFileType = sourcecode.c.objc; path = CalculatorAppDelegate.m; sourceTree = "<group>"; };
		32F40187159DC9AA00889259 /* en */ = {isa = PBXFileReference; lastKnownFileType = file.storyboard; name = en; path = en.lproj/MainStoryboard.storyboard; sourceTree = "<group>"; };
		32F40189159DC9AA00889259 /* CalculatorViewController.h */ = {isa = PBXFileReference; lastKnownFileType = sourcecode.c.h; path = CalculatorViewController.h; sourceTree = "<group>"; };
		32F4018A159DC9AA00889259 /* CalculatorViewController.m */ = {isa = PBXFileReference; lastKnownFileType = sourcecode.c.objc; path = CalculatorViewController.m; sourceTree = "<group>"; };
		32F40191159DD3C600889259 /* CalculatorBrain.h */ = {isa = PBXFileReference; fileEncoding = 4; lastKnownFileType = sourcecode.c.h; path = CalculatorBrain.h; sourceTree = "<group>"; };
		32F40192159DD3C600889259 /* CalculatorBrain.m */ = {isa = PBXFileReference; fileEncoding = 4; lastKnownFileType = sourcecode.c.objc; path = CalculatorBrain.m; sourceTree = "<group>"; };
/* End PBXFileReference section */

/* Begin PBXFrameworksBuildPhase section */
		32F4016D159DC9AA00889259 /* Frameworks */ = {
			isa = PBXFrameworksBuildPhase;
			buildActionMask = 2147483647;
			files = (
				32E5991615A1BB5C003E86B9 /* Foundation.framework in Frameworks */,
				32F40175159DC9AA00889259 /* UIKit.framework in Frameworks */,
				32F40179159DC9AA00889259 /* CoreGraphics.framework in Frameworks */,
			);
			runOnlyForDeploymentPostprocessing = 0;
		};
/* End PBXFrameworksBuildPhase section */

/* Begin PBXGroup section */
		3252A93D15A1A85E00D76A1A /* Resources */ = {
			isa = PBXGroup;
			children = (
				3252A93215A19B2B00D76A1A /* design_Calculator.png */,
				3252A93415A19B9300D76A1A /* transparent.png */,
				3252A93815A1A72300D76A1A /* NettoOT-Light.otf */,
			);
			name = Resources;
			sourceTree = "<group>";
		};
		32F40165159DC9AA00889259 = {
			isa = PBXGroup;
			children = (
				32F4017A159DC9AA00889259 /* Calculator */,
				32F40173159DC9AA00889259 /* Frameworks */,
				32F40171159DC9AA00889259 /* Products */,
			);
			sourceTree = "<group>";
		};
		32F40171159DC9AA00889259 /* Products */ = {
			isa = PBXGroup;
			children = (
				32F40170159DC9AA00889259 /* Calculator.app */,
			);
			name = Products;
			sourceTree = "<group>";
		};
		32F40173159DC9AA00889259 /* Frameworks */ = {
			isa = PBXGroup;
			children = (
				32E5991515A1BB5C003E86B9 /* Foundation.framework */,
				32F40174159DC9AA00889259 /* UIKit.framework */,
				32F40178159DC9AA00889259 /* CoreGraphics.framework */,
			);
			name = Frameworks;
			sourceTree = "<group>";
		};
		32F4017A159DC9AA00889259 /* Calculator */ = {
			isa = PBXGroup;
			children = (
				32F40183159DC9AA00889259 /* CalculatorAppDelegate.h */,
				32F40184159DC9AA00889259 /* CalculatorAppDelegate.m */,
				32F40186159DC9AA00889259 /* MainStoryboard.storyboard */,
				32F40189159DC9AA00889259 /* CalculatorViewController.h */,
				32F4018A159DC9AA00889259 /* CalculatorViewController.m */,
				32F40191159DD3C600889259 /* CalculatorBrain.h */,
				32F40192159DD3C600889259 /* CalculatorBrain.m */,
				3252A93D15A1A85E00D76A1A /* Resources */,
				32F4017B159DC9AA00889259 /* Supporting Files */,
			);
			path = Calculator;
			sourceTree = "<group>";
		};
		32F4017B159DC9AA00889259 /* Supporting Files */ = {
			isa = PBXGroup;
			children = (
				32F4017C159DC9AA00889259 /* Calculator-Info.plist */,
				32F4017D159DC9AA00889259 /* InfoPlist.strings */,
				32F40180159DC9AA00889259 /* main.m */,
				32F40182159DC9AA00889259 /* Calculator-Prefix.pch */,
			);
			name = "Supporting Files";
			sourceTree = "<group>";
		};
/* End PBXGroup section */

/* Begin PBXNativeTarget section */
		32F4016F159DC9AA00889259 /* Calculator */ = {
			isa = PBXNativeTarget;
			buildConfigurationList = 32F4018E159DC9AA00889259 /* Build configuration list for PBXNativeTarget "Calculator" */;
			buildPhases = (
				32F4016C159DC9AA00889259 /* Sources */,
				32F4016D159DC9AA00889259 /* Frameworks */,
				32F4016E159DC9AA00889259 /* Resources */,
			);
			buildRules = (
			);
			dependencies = (
			);
			name = Calculator;
			productName = Calculator;
			productReference = 32F40170159DC9AA00889259 /* Calculator.app */;
			productType = "com.apple.product-type.application";
		};
/* End PBXNativeTarget section */

/* Begin PBXProject section */
		32F40167159DC9AA00889259 /* Project object */ = {
			isa = PBXProject;
			attributes = {
				CLASSPREFIX = Calculator;
				LastUpgradeCheck = 0430;
			};
			buildConfigurationList = 32F4016A159DC9AA00889259 /* Build configuration list for PBXProject "Calculator" */;
			compatibilityVersion = "Xcode 3.2";
			developmentRegion = English;
			hasScannedForEncodings = 0;
			knownRegions = (
				en,
			);
			mainGroup = 32F40165159DC9AA00889259;
			productRefGroup = 32F40171159DC9AA00889259 /* Products */;
			projectDirPath = "";
			projectRoot = "";
			targets = (
				32F4016F159DC9AA00889259 /* Calculator */,
			);
		};
/* End PBXProject section */

/* Begin PBXResourcesBuildPhase section */
		32F4016E159DC9AA00889259 /* Resources */ = {
			isa = PBXResourcesBuildPhase;
			buildActionMask = 2147483647;
			files = (
				32E5991415A1B81A003E86B9 /* NettoOT-Light.otf in Resources */,
				32F4017F159DC9AA00889259 /* InfoPlist.strings in Resources */,
				32F40188159DC9AA00889259 /* MainStoryboard.storyboard in Resources */,
				3252A93315A19B2B00D76A1A /* design_Calculator.png in Resources */,
				3252A93515A19B9300D76A1A /* transparent.png in Resources */,
			);
			runOnlyForDeploymentPostprocessing = 0;
		};
/* End PBXResourcesBuildPhase section */

/* Begin PBXSourcesBuildPhase section */
		32F4016C159DC9AA00889259 /* Sources */ = {
			isa = PBXSourcesBuildPhase;
			buildActionMask = 2147483647;
			files = (
				32F40181159DC9AA00889259 /* main.m in Sources */,
				32F40185159DC9AA00889259 /* CalculatorAppDelegate.m in Sources */,
				32F4018B159DC9AA00889259 /* CalculatorViewController.m in Sources */,
				32F40193159DD3C600889259 /* CalculatorBrain.m in Sources */,
			);
			runOnlyForDeploymentPostprocessing = 0;
		};
/* End PBXSourcesBuildPhase section */

/* Begin PBXVariantGroup section */
		32F4017D159DC9AA00889259 /* InfoPlist.strings */ = {
			isa = PBXVariantGroup;
			children = (
				32F4017E159DC9AA00889259 /* en */,
			);
			name = InfoPlist.strings;
			sourceTree = "<group>";
		};
		32F40186159DC9AA00889259 /* MainStoryboard.storyboard */ = {
			isa = PBXVariantGroup;
			children = (
				32F40187159DC9AA00889259 /* en */,
			);
			name = MainStoryboard.storyboard;
			sourceTree = "<group>";
		};
/* End PBXVariantGroup section */

/* Begin XCBuildConfiguration section */
		32F4018C159DC9AA00889259 /* Debug */ = {
			isa = XCBuildConfiguration;
			buildSettings = {
				ALWAYS_SEARCH_USER_PATHS = NO;
				ARCHS = "$(ARCHS_STANDARD_32_BIT)";
				CLANG_ENABLE_OBJC_ARC = YES;
				"CODE_SIGN_IDENTITY[sdk=iphoneos*]" = "iPhone Developer";
				COPY_PHASE_STRIP = NO;
				GCC_C_LANGUAGE_STANDARD = gnu99;
				GCC_DYNAMIC_NO_PIC = NO;
				GCC_OPTIMIZATION_LEVEL = 0;
				GCC_PREPROCESSOR_DEFINITIONS = (
					"DEBUG=1",
					"$(inherited)",
				);
				GCC_SYMBOLS_PRIVATE_EXTERN = NO;
				GCC_VERSION = com.apple.compilers.llvm.clang.1_0;
				GCC_WARN_ABOUT_RETURN_TYPE = YES;
				GCC_WARN_UNINITIALIZED_AUTOS = YES;
				GCC_WARN_UNUSED_VARIABLE = YES;
				IPHONEOS_DEPLOYMENT_TARGET = 5.1;
				SDKROOT = iphoneos;
				TARGETED_DEVICE_FAMILY = 2;
			};
			name = Debug;
		};
		32F4018D159DC9AA00889259 /* Release */ = {
			isa = XCBuildConfiguration;
			buildSettings = {
				ALWAYS_SEARCH_USER_PATHS = NO;
				ARCHS = "$(ARCHS_STANDARD_32_BIT)";
				CLANG_ENABLE_OBJC_ARC = YES;
				"CODE_SIGN_IDENTITY[sdk=iphoneos*]" = "iPhone Developer";
				COPY_PHASE_STRIP = YES;
				GCC_C_LANGUAGE_STANDARD = gnu99;
				GCC_VERSION = com.apple.compilers.llvm.clang.1_0;
				GCC_WARN_ABOUT_RETURN_TYPE = YES;
				GCC_WARN_UNINITIALIZED_AUTOS = YES;
				GCC_WARN_UNUSED_VARIABLE = YES;
				IPHONEOS_DEPLOYMENT_TARGET = 5.1;
				OTHER_CFLAGS = "-DNS_BLOCK_ASSERTIONS=1";
				SDKROOT = iphoneos;
				TARGETED_DEVICE_FAMILY = 2;
				VALIDATE_PRODUCT = YES;
			};
			name = Release;
		};
		32F4018F159DC9AA00889259 /* Debug */ = {
			isa = XCBuildConfiguration;
			buildSettings = {
				GCC_PRECOMPILE_PREFIX_HEADER = YES;
				GCC_PREFIX_HEADER = "Calculator/Calculator-Prefix.pch";
				INFOPLIST_FILE = "Calculator/Calculator-Info.plist";
				IPHONEOS_DEPLOYMENT_TARGET = 5.1;
				PRODUCT_NAME = "$(TARGET_NAME)";
				TARGETED_DEVICE_FAMILY = 1;
				WRAPPER_EXTENSION = app;
			};
			name = Debug;
		};
		32F40190159DC9AA00889259 /* Release */ = {
			isa = XCBuildConfiguration;
			buildSettings = {
				GCC_PRECOMPILE_PREFIX_HEADER = YES;
				GCC_PREFIX_HEADER = "Calculator/Calculator-Prefix.pch";
				INFOPLIST_FILE = "Calculator/Calculator-Info.plist";
				IPHONEOS_DEPLOYMENT_TARGET = 5.1;
				PRODUCT_NAME = "$(TARGET_NAME)";
				TARGETED_DEVICE_FAMILY = 1;
				WRAPPER_EXTENSION = app;
			};
			name = Release;
		};
/* End XCBuildConfiguration section */

/* Begin XCConfigurationList section */
		32F4016A159DC9AA00889259 /* Build configuration list for PBXProject "Calculator" */ = {
			isa = XCConfigurationList;
			buildConfigurations = (
				32F4018C159DC9AA00889259 /* Debug */,
				32F4018D159DC9AA00889259 /* Release */,
			);
			defaultConfigurationIsVisible = 0;
			defaultConfigurationName = Release;
		};
		32F4018E159DC9AA00889259 /* Build configuration list for PBXNativeTarget "Calculator" */ = {
			isa = XCConfigurationList;
			buildConfigurations = (
				32F4018F159DC9AA00889259 /* Debug */,
				32F40190159DC9AA00889259 /* Release */,
			);
			defaultConfigurationIsVisible = 0;
			defaultConfigurationName = Release;
		};
/* End XCConfigurationList section */
	};
	rootObject = 32F40167159DC9AA00889259 /* Project object */;
}
